
Microsoft Visual Studio Solution File, Format Version 12.00
# Visual Studio Version 17
VisualStudioVersion = 17.7.34031.279
MinimumVisualStudioVersion = 10.0.40219.1
Project("{FAE04EC0-301F-11D3-BF4B-00C04F79EFBC}") = "dataStorage", "dataStorage\dataStorage.csproj", "{7B1B58C4-F505-4AAE-B185-575E8857AC5A}"
EndProject
Global
	GlobalSection(SolutionConfigurationPlatforms) = preSolution
		Debug|Any CPU = Debug|Any CPU
		Release|Any CPU = Release|Any CPU
	EndGlobalSection
	GlobalSection(ProjectConfigurationPlatforms) = postSolution
		{7B1B58C4-F505-4AAE-B185-575E8857AC5A}.Debug|Any CPU.ActiveCfg = Debug|Any CPU
		{7B1B58C4-F505-4AAE-B185-575E8857AC5A}.Debug|Any CPU.Build.0 = Debug|Any CPU
		{7B1B58C4-F505-4AAE-B185-575E8857AC5A}.Release|Any CPU.ActiveCfg = Release|Any CPU
		{7B1B58C4-F505-4AAE-B185-575E8857AC5A}.Release|Any CPU.Build.0 = Release|Any CPU
	EndGlobalSection
	GlobalSection(SolutionProperties) = preSolution
		HideSolutionNode = FALSE
	EndGlobalSection
	GlobalSection(ExtensibilityGlobals) = postSolution
		SolutionGuid = {A812F478-6A71-4396-87E0-E3868E652FC2}
	EndGlobalSection
EndGlobal
